
Microsoft Visual Studio Solution File, Format Version 10.00
# Visual Studio 2008
Project("{FAE04EC0-301F-11D3-BF4B-00C04F79EFBC}") = "FoodCourtProject", "FoodCourtProject\FoodCourtProject.csproj", "{48734E8F-4662-4D45-AC39-0A2495C8827B}"
EndProject
Global
	GlobalSection(SolutionConfigurationPlatforms) = preSolution
		Debug|Any CPU = Debug|Any CPU
		Release|Any CPU = Release|Any CPU
	EndGlobalSection
	GlobalSection(ProjectConfigurationPlatforms) = postSolution
		{48734E8F-4662-4D45-AC39-0A2495C8827B}.Debug|Any CPU.ActiveCfg = Debug|Any CPU
		{48734E8F-4662-4D45-AC39-0A2495C8827B}.Debug|Any CPU.Build.0 = Debug|Any CPU
		{48734E8F-4662-4D45-AC39-0A2495C8827B}.Release|Any CPU.ActiveCfg = Release|Any CPU
		{48734E8F-4662-4D45-AC39-0A2495C8827B}.Release|Any CPU.Build.0 = Release|Any CPU
	EndGlobalSection
	GlobalSection(SolutionProperties) = preSolution
		HideSolutionNode = FALSE
	EndGlobalSection
EndGlobal
